
Microsoft Visual Studio Solution File, Format Version 12.00
# Visual Studio 2013
VisualStudioVersion = 12.0.30501.0
MinimumVisualStudioVersion = 10.0.40219.1
Project("{FAE04EC0-301F-11D3-BF4B-00C04F79EFBC}") = "PeopleWar", "PeopleWar\PeopleWar.csproj", "{ABF97DD4-47DF-4B12-8EA9-BB41A144DE7C}"
EndProject
Project("{F088123C-0E9E-452A-89E6-6BA2F21D5CAC}") = "SequenceCreerPartie", "SequenceCreerPartie\SequenceCreerPartie.modelproj", "{B8D27CC7-8D9C-407D-9D4B-DE839E48A2D8}"
EndProject
Project("{F088123C-0E9E-452A-89E6-6BA2F21D5CAC}") = "SequenceJouerPartie", "ModelingProject1\SequenceJouerPartie.modelproj", "{0FA11E2A-5208-4594-8427-F071EC799E7E}"
EndProject
Global
	GlobalSection(SolutionConfigurationPlatforms) = preSolution
		Debug|Any CPU = Debug|Any CPU
		Release|Any CPU = Release|Any CPU
	EndGlobalSection
	GlobalSection(ProjectConfigurationPlatforms) = postSolution
		{ABF97DD4-47DF-4B12-8EA9-BB41A144DE7C}.Debug|Any CPU.ActiveCfg = Debug|Any CPU
		{ABF97DD4-47DF-4B12-8EA9-BB41A144DE7C}.Debug|Any CPU.Build.0 = Debug|Any CPU
		{ABF97DD4-47DF-4B12-8EA9-BB41A144DE7C}.Release|Any CPU.ActiveCfg = Release|Any CPU
		{ABF97DD4-47DF-4B12-8EA9-BB41A144DE7C}.Release|Any CPU.Build.0 = Release|Any CPU
		{B8D27CC7-8D9C-407D-9D4B-DE839E48A2D8}.Debug|Any CPU.ActiveCfg = Debug|Any CPU
		{B8D27CC7-8D9C-407D-9D4B-DE839E48A2D8}.Debug|Any CPU.Build.0 = Debug|Any CPU
		{B8D27CC7-8D9C-407D-9D4B-DE839E48A2D8}.Release|Any CPU.ActiveCfg = Release|Any CPU
		{B8D27CC7-8D9C-407D-9D4B-DE839E48A2D8}.Release|Any CPU.Build.0 = Release|Any CPU
		{0FA11E2A-5208-4594-8427-F071EC799E7E}.Debug|Any CPU.ActiveCfg = Debug|Any CPU
		{0FA11E2A-5208-4594-8427-F071EC799E7E}.Debug|Any CPU.Build.0 = Debug|Any CPU
		{0FA11E2A-5208-4594-8427-F071EC799E7E}.Release|Any CPU.ActiveCfg = Release|Any CPU
		{0FA11E2A-5208-4594-8427-F071EC799E7E}.Release|Any CPU.Build.0 = Release|Any CPU
	EndGlobalSection
	GlobalSection(SolutionProperties) = preSolution
		HideSolutionNode = FALSE
	EndGlobalSection
EndGlobal
